
Microsoft Visual Studio Solution File, Format Version 12.00
# Visual Studio Version 17
VisualStudioVersion = 17.3.32825.248
MinimumVisualStudioVersion = 10.0.40219.1
Project("{FAE04EC0-301F-11D3-BF4B-00C04F79EFBC}") = "Tugas PBO Modul Inheritance", "Tugas PBO Modul Inheritance.csproj", "{98BCA0E2-9AC3-4E6F-843E-83787A4D2803}"
EndProject
Global
	GlobalSection(SolutionConfigurationPlatforms) = preSolution
		Debug|Any CPU = Debug|Any CPU
		Release|Any CPU = Release|Any CPU
	EndGlobalSection
	GlobalSection(ProjectConfigurationPlatforms) = postSolution
		{98BCA0E2-9AC3-4E6F-843E-83787A4D2803}.Debug|Any CPU.ActiveCfg = Debug|Any CPU
		{98BCA0E2-9AC3-4E6F-843E-83787A4D2803}.Debug|Any CPU.Build.0 = Debug|Any CPU
		{98BCA0E2-9AC3-4E6F-843E-83787A4D2803}.Release|Any CPU.ActiveCfg = Release|Any CPU
		{98BCA0E2-9AC3-4E6F-843E-83787A4D2803}.Release|Any CPU.Build.0 = Release|Any CPU
	EndGlobalSection
	GlobalSection(SolutionProperties) = preSolution
		HideSolutionNode = FALSE
	EndGlobalSection
	GlobalSection(ExtensibilityGlobals) = postSolution
		SolutionGuid = {1A2BB47B-D722-480C-B357-AEFC64C374D6}
	EndGlobalSection
EndGlobal
